
Microsoft Visual Studio Solution File, Format Version 12.00
# Visual Studio Version 17
VisualStudioVersion = 17.13.35828.75 d17.13
MinimumVisualStudioVersion = 10.0.40219.1
Project("{FAE04EC0-301F-11D3-BF4B-00C04F79EFBC}") = "WorkSpace", "WorkSpace\WorkSpace\WorkSpace.csproj", "{88946CD3-865F-4EB0-A53B-A236635A09AA}"
EndProject
Project("{FAE04EC0-301F-11D3-BF4B-00C04F79EFBC}") = "WorkSpace.Client", "WorkSpace\WorkSpace.Client\WorkSpace.Client.csproj", "{7542176C-7E30-45A0-8BA0-9DA9F8E72CFE}"
EndProject
Project("{FAE04EC0-301F-11D3-BF4B-00C04F79EFBC}") = "WorkSpace.API", "WorkSpace.API\WorkSpace.API.csproj", "{C871DC1F-446E-4F97-998F-5BBB656A30B3}"
EndProject
Project("{FAE04EC0-301F-11D3-BF4B-00C04F79EFBC}") = "WorkSpace.Domain", "WorkSpace.Domain\WorkSpace.Domain.csproj", "{041D0222-290A-4CDC-A835-A23C345EA945}"
EndProject
Project("{FAE04EC0-301F-11D3-BF4B-00C04F79EFBC}") = "WorkSpace.Application", "WorkSpace.Application\WorkSpace.Application.csproj", "{B16B49FF-B0D8-4CEB-9CA4-AB38FA6104A3}"
EndProject
Project("{FAE04EC0-301F-11D3-BF4B-00C04F79EFBC}") = "WorkSpace.Infrastructure", "WorkSpace.Infrastructure\WorkSpace.Infrastructure.csproj", "{4CF65A4C-533E-4733-949C-AB600D9D8A0D}"
EndProject
Global
	GlobalSection(SolutionConfigurationPlatforms) = preSolution
		Debug|Any CPU = Debug|Any CPU
		Release|Any CPU = Release|Any CPU
	EndGlobalSection
	GlobalSection(ProjectConfigurationPlatforms) = postSolution
		{88946CD3-865F-4EB0-A53B-A236635A09AA}.Debug|Any CPU.ActiveCfg = Debug|Any CPU
		{88946CD3-865F-4EB0-A53B-A236635A09AA}.Debug|Any CPU.Build.0 = Debug|Any CPU
		{88946CD3-865F-4EB0-A53B-A236635A09AA}.Release|Any CPU.ActiveCfg = Release|Any CPU
		{88946CD3-865F-4EB0-A53B-A236635A09AA}.Release|Any CPU.Build.0 = Release|Any CPU
		{7542176C-7E30-45A0-8BA0-9DA9F8E72CFE}.Debug|Any CPU.ActiveCfg = Debug|Any CPU
		{7542176C-7E30-45A0-8BA0-9DA9F8E72CFE}.Debug|Any CPU.Build.0 = Debug|Any CPU
		{7542176C-7E30-45A0-8BA0-9DA9F8E72CFE}.Release|Any CPU.ActiveCfg = Release|Any CPU
		{7542176C-7E30-45A0-8BA0-9DA9F8E72CFE}.Release|Any CPU.Build.0 = Release|Any CPU
		{C871DC1F-446E-4F97-998F-5BBB656A30B3}.Debug|Any CPU.ActiveCfg = Debug|Any CPU
		{C871DC1F-446E-4F97-998F-5BBB656A30B3}.Debug|Any CPU.Build.0 = Debug|Any CPU
		{C871DC1F-446E-4F97-998F-5BBB656A30B3}.Release|Any CPU.ActiveCfg = Release|Any CPU
		{C871DC1F-446E-4F97-998F-5BBB656A30B3}.Release|Any CPU.Build.0 = Release|Any CPU
		{041D0222-290A-4CDC-A835-A23C345EA945}.Debug|Any CPU.ActiveCfg = Debug|Any CPU
		{041D0222-290A-4CDC-A835-A23C345EA945}.Debug|Any CPU.Build.0 = Debug|Any CPU
		{041D0222-290A-4CDC-A835-A23C345EA945}.Release|Any CPU.ActiveCfg = Release|Any CPU
		{041D0222-290A-4CDC-A835-A23C345EA945}.Release|Any CPU.Build.0 = Release|Any CPU
		{B16B49FF-B0D8-4CEB-9CA4-AB38FA6104A3}.Debug|Any CPU.ActiveCfg = Debug|Any CPU
		{B16B49FF-B0D8-4CEB-9CA4-AB38FA6104A3}.Debug|Any CPU.Build.0 = Debug|Any CPU
		{B16B49FF-B0D8-4CEB-9CA4-AB38FA6104A3}.Release|Any CPU.ActiveCfg = Release|Any CPU
		{B16B49FF-B0D8-4CEB-9CA4-AB38FA6104A3}.Release|Any CPU.Build.0 = Release|Any CPU
		{4CF65A4C-533E-4733-949C-AB600D9D8A0D}.Debug|Any CPU.ActiveCfg = Debug|Any CPU
		{4CF65A4C-533E-4733-949C-AB600D9D8A0D}.Debug|Any CPU.Build.0 = Debug|Any CPU
		{4CF65A4C-533E-4733-949C-AB600D9D8A0D}.Release|Any CPU.ActiveCfg = Release|Any CPU
		{4CF65A4C-533E-4733-949C-AB600D9D8A0D}.Release|Any CPU.Build.0 = Release|Any CPU
	EndGlobalSection
	GlobalSection(SolutionProperties) = preSolution
		HideSolutionNode = FALSE
	EndGlobalSection
	GlobalSection(ExtensibilityGlobals) = postSolution
		SolutionGuid = {29F40BE1-CE1A-4F59-B05F-3DD106DB11A6}
	EndGlobalSection
EndGlobal
